
Microsoft Visual Studio Solution File, Format Version 12.00
# Visual Studio Version 17
VisualStudioVersion = 17.11.35208.52
MinimumVisualStudioVersion = 10.0.40219.1
Project("{8BC9CEB8-8B4A-11D0-8D11-00A0C91BC942}") = "类与对象", "类与对象\类与对象.vcxproj", "{DA2DE577-8E8A-483E-98B4-5CAE250D24CA}"
EndProject
Project("{8BC9CEB8-8B4A-11D0-8D11-00A0C91BC942}") = "类的继承", "类的继承\类的继承.vcxproj", "{548CE48A-EF12-4BA8-85D7-FAEE947B078E}"
EndProject
Project("{8BC9CEB8-8B4A-11D0-8D11-00A0C91BC942}") = "类的多态", "类的多态\类的多态.vcxproj", "{ACAD909B-98EA-4E1E-A3B1-73D38F0C7D7D}"
EndProject
Project("{8BC9CEB8-8B4A-11D0-8D11-00A0C91BC942}") = "类的高级特性", "类的高级特性\类的高级特性.vcxproj", "{EF95A4CB-C44F-4D60-B28A-6CC17C3712E2}"
EndProject
Project("{8BC9CEB8-8B4A-11D0-8D11-00A0C91BC942}") = "练习", "练习\练习.vcxproj", "{353776E1-0D6C-42E8-9C12-56D3F7E453C2}"
EndProject
Global
	GlobalSection(SolutionConfigurationPlatforms) = preSolution
		Debug|x64 = Debug|x64
		Debug|x86 = Debug|x86
		Release|x64 = Release|x64
		Release|x86 = Release|x86
	EndGlobalSection
	GlobalSection(ProjectConfigurationPlatforms) = postSolution
		{DA2DE577-8E8A-483E-98B4-5CAE250D24CA}.Debug|x64.ActiveCfg = Debug|x64
		{DA2DE577-8E8A-483E-98B4-5CAE250D24CA}.Debug|x64.Build.0 = Debug|x64
		{DA2DE577-8E8A-483E-98B4-5CAE250D24CA}.Debug|x86.ActiveCfg = Debug|Win32
		{DA2DE577-8E8A-483E-98B4-5CAE250D24CA}.Debug|x86.Build.0 = Debug|Win32
		{DA2DE577-8E8A-483E-98B4-5CAE250D24CA}.Release|x64.ActiveCfg = Release|x64
		{DA2DE577-8E8A-483E-98B4-5CAE250D24CA}.Release|x64.Build.0 = Release|x64
		{DA2DE577-8E8A-483E-98B4-5CAE250D24CA}.Release|x86.ActiveCfg = Release|Win32
		{DA2DE577-8E8A-483E-98B4-5CAE250D24CA}.Release|x86.Build.0 = Release|Win32
		{548CE48A-EF12-4BA8-85D7-FAEE947B078E}.Debug|x64.ActiveCfg = Debug|x64
		{548CE48A-EF12-4BA8-85D7-FAEE947B078E}.Debug|x64.Build.0 = Debug|x64
		{548CE48A-EF12-4BA8-85D7-FAEE947B078E}.Debug|x86.ActiveCfg = Debug|Win32
		{548CE48A-EF12-4BA8-85D7-FAEE947B078E}.Debug|x86.Build.0 = Debug|Win32
		{548CE48A-EF12-4BA8-85D7-FAEE947B078E}.Release|x64.ActiveCfg = Release|x64
		{548CE48A-EF12-4BA8-85D7-FAEE947B078E}.Release|x64.Build.0 = Release|x64
		{548CE48A-EF12-4BA8-85D7-FAEE947B078E}.Release|x86.ActiveCfg = Release|Win32
		{548CE48A-EF12-4BA8-85D7-FAEE947B078E}.Release|x86.Build.0 = Release|Win32
		{ACAD909B-98EA-4E1E-A3B1-73D38F0C7D7D}.Debug|x64.ActiveCfg = Debug|x64
		{ACAD909B-98EA-4E1E-A3B1-73D38F0C7D7D}.Debug|x64.Build.0 = Debug|x64
		{ACAD909B-98EA-4E1E-A3B1-73D38F0C7D7D}.Debug|x86.ActiveCfg = Debug|Win32
		{ACAD909B-98EA-4E1E-A3B1-73D38F0C7D7D}.Debug|x86.Build.0 = Debug|Win32
		{ACAD909B-98EA-4E1E-A3B1-73D38F0C7D7D}.Release|x64.ActiveCfg = Release|x64
		{ACAD909B-98EA-4E1E-A3B1-73D38F0C7D7D}.Release|x64.Build.0 = Release|x64
		{ACAD909B-98EA-4E1E-A3B1-73D38F0C7D7D}.Release|x86.ActiveCfg = Release|Win32
		{ACAD909B-98EA-4E1E-A3B1-73D38F0C7D7D}.Release|x86.Build.0 = Release|Win32
		{EF95A4CB-C44F-4D60-B28A-6CC17C3712E2}.Debug|x64.ActiveCfg = Debug|x64
		{EF95A4CB-C44F-4D60-B28A-6CC17C3712E2}.Debug|x64.Build.0 = Debug|x64
		{EF95A4CB-C44F-4D60-B28A-6CC17C3712E2}.Debug|x86.ActiveCfg = Debug|Win32
		{EF95A4CB-C44F-4D60-B28A-6CC17C3712E2}.Debug|x86.Build.0 = Debug|Win32
		{EF95A4CB-C44F-4D60-B28A-6CC17C3712E2}.Release|x64.ActiveCfg = Release|x64
		{EF95A4CB-C44F-4D60-B28A-6CC17C3712E2}.Release|x64.Build.0 = Release|x64
		{EF95A4CB-C44F-4D60-B28A-6CC17C3712E2}.Release|x86.ActiveCfg = Release|Win32
		{EF95A4CB-C44F-4D60-B28A-6CC17C3712E2}.Release|x86.Build.0 = Release|Win32
		{353776E1-0D6C-42E8-9C12-56D3F7E453C2}.Debug|x64.ActiveCfg = Debug|x64
		{353776E1-0D6C-42E8-9C12-56D3F7E453C2}.Debug|x64.Build.0 = Debug|x64
		{353776E1-0D6C-42E8-9C12-56D3F7E453C2}.Debug|x86.ActiveCfg = Debug|Win32
		{353776E1-0D6C-42E8-9C12-56D3F7E453C2}.Debug|x86.Build.0 = Debug|Win32
		{353776E1-0D6C-42E8-9C12-56D3F7E453C2}.Release|x64.ActiveCfg = Release|x64
		{353776E1-0D6C-42E8-9C12-56D3F7E453C2}.Release|x64.Build.0 = Release|x64
		{353776E1-0D6C-42E8-9C12-56D3F7E453C2}.Release|x86.ActiveCfg = Release|Win32
		{353776E1-0D6C-42E8-9C12-56D3F7E453C2}.Release|x86.Build.0 = Release|Win32
	EndGlobalSection
	GlobalSection(SolutionProperties) = preSolution
		HideSolutionNode = FALSE
	EndGlobalSection
	GlobalSection(ExtensibilityGlobals) = postSolution
		SolutionGuid = {5C1FAAE4-73C3-485B-9409-497A37963697}
	EndGlobalSection
EndGlobal
